
Microsoft Visual Studio Solution File, Format Version 12.00
# Visual Studio Version 17
VisualStudioVersion = 17.5.002.0
MinimumVisualStudioVersion = 10.0.40219.1
Project("{2150E333-8FDC-42A3-9474-1A3956D46DE8}") = "HomeWork", "HomeWork", "{60A0A748-AF56-42F1-BD5C-70ECE133D56F}"
EndProject
Project("{9A19103F-16F7-4668-BE54-9A1E7A4F7556}") = "HW1", "HomeWork\HW1\HW1.csproj", "{81F0F61B-449F-49AE-8384-0B9A58A7E84F}"
EndProject
Project("{9A19103F-16F7-4668-BE54-9A1E7A4F7556}") = "HW2", "HomeWork\HW2\HW2.csproj", "{B088E5FC-ED23-40BF-A7F6-C5C2F34205B2}"
EndProject
Project("{9A19103F-16F7-4668-BE54-9A1E7A4F7556}") = "HW3", "HomeWork\HW3\HW3.csproj", "{5770C434-D417-42D9-BE28-2C91EDA98F85}"
EndProject
Project("{9A19103F-16F7-4668-BE54-9A1E7A4F7556}") = "HW4", "HomeWork\HW4\HW4.csproj", "{36D78511-6111-4165-8B3F-9127C37CEFFE}"
EndProject
Project("{2150E333-8FDC-42A3-9474-1A3956D46DE8}") = "Lesson_1", "Lesson_1", "{E064E45F-DF90-41E6-AE3C-06CB137F3A55}"
EndProject
Project("{9A19103F-16F7-4668-BE54-9A1E7A4F7556}") = "1_0", "Lesson_1\1_0\1_0.csproj", "{6FB660E2-3929-4DEC-832C-78460552BDFF}"
EndProject
Project("{9A19103F-16F7-4668-BE54-9A1E7A4F7556}") = "1_1", "Lesson_1\1_1\1_1.csproj", "{B10783AA-4C00-43CB-AB98-789F1F746C21}"
EndProject
Project("{9A19103F-16F7-4668-BE54-9A1E7A4F7556}") = "1_2", "Lesson_1\1_2\1_2.csproj", "{D0F8FFC9-4BA5-4D71-B1CF-47165F1BC254}"
EndProject
Project("{9A19103F-16F7-4668-BE54-9A1E7A4F7556}") = "1_3", "Lesson_1\1_3\1_3.csproj", "{0F068970-E0A9-40F0-B49F-4F0BAEBFC09B}"
EndProject
Project("{2150E333-8FDC-42A3-9474-1A3956D46DE8}") = "Lesson_2", "Lesson_2", "{EB550758-6D64-44FB-AA7D-45A3BC4E3C74}"
EndProject
Project("{9A19103F-16F7-4668-BE54-9A1E7A4F7556}") = "2_1", "Lesson_2\2_1\2_1.csproj", "{84ABEA64-91EE-43C2-A8EC-7AF7576514D3}"
EndProject
Project("{9A19103F-16F7-4668-BE54-9A1E7A4F7556}") = "2_2", "Lesson_2\2_2\2_2.csproj", "{F2A58312-723B-447F-9E2C-3F1E8C2DBD6B}"
EndProject
Project("{9A19103F-16F7-4668-BE54-9A1E7A4F7556}") = "2_3", "Lesson_2\2_3\2_3.csproj", "{0682E8CB-141D-42CF-AB02-F10394E2609A}"
EndProject
Project("{9A19103F-16F7-4668-BE54-9A1E7A4F7556}") = "2_4", "Lesson_2\2_4\2_4.csproj", "{D03952A7-9FCE-4933-8CAB-BEC31795D91B}"
EndProject
Project("{2150E333-8FDC-42A3-9474-1A3956D46DE8}") = "Lesson_Mas_1", "Lesson_Mas_1", "{6C35EA9F-375D-49A1-9BB9-F627470A4166}"
EndProject
Project("{9A19103F-16F7-4668-BE54-9A1E7A4F7556}") = "Task1", "Lesson_Mas_1\Task1\Task1.csproj", "{C500E8AA-067C-47BF-B5A5-DE9F33FE00F6}"
EndProject
Project("{9A19103F-16F7-4668-BE54-9A1E7A4F7556}") = "task2", "Lesson_Mas_1\Task2\task2.csproj", "{38EFCB13-2FB4-400F-8411-3CF32961F0A9}"
EndProject
Global
	GlobalSection(SolutionConfigurationPlatforms) = preSolution
		Debug|Any CPU = Debug|Any CPU
		Release|Any CPU = Release|Any CPU
	EndGlobalSection
	GlobalSection(ProjectConfigurationPlatforms) = postSolution
		{81F0F61B-449F-49AE-8384-0B9A58A7E84F}.Debug|Any CPU.ActiveCfg = Debug|Any CPU
		{81F0F61B-449F-49AE-8384-0B9A58A7E84F}.Debug|Any CPU.Build.0 = Debug|Any CPU
		{81F0F61B-449F-49AE-8384-0B9A58A7E84F}.Release|Any CPU.ActiveCfg = Release|Any CPU
		{81F0F61B-449F-49AE-8384-0B9A58A7E84F}.Release|Any CPU.Build.0 = Release|Any CPU
		{B088E5FC-ED23-40BF-A7F6-C5C2F34205B2}.Debug|Any CPU.ActiveCfg = Debug|Any CPU
		{B088E5FC-ED23-40BF-A7F6-C5C2F34205B2}.Debug|Any CPU.Build.0 = Debug|Any CPU
		{B088E5FC-ED23-40BF-A7F6-C5C2F34205B2}.Release|Any CPU.ActiveCfg = Release|Any CPU
		{B088E5FC-ED23-40BF-A7F6-C5C2F34205B2}.Release|Any CPU.Build.0 = Release|Any CPU
		{5770C434-D417-42D9-BE28-2C91EDA98F85}.Debug|Any CPU.ActiveCfg = Debug|Any CPU
		{5770C434-D417-42D9-BE28-2C91EDA98F85}.Debug|Any CPU.Build.0 = Debug|Any CPU
		{5770C434-D417-42D9-BE28-2C91EDA98F85}.Release|Any CPU.ActiveCfg = Release|Any CPU
		{5770C434-D417-42D9-BE28-2C91EDA98F85}.Release|Any CPU.Build.0 = Release|Any CPU
		{36D78511-6111-4165-8B3F-9127C37CEFFE}.Debug|Any CPU.ActiveCfg = Debug|Any CPU
		{36D78511-6111-4165-8B3F-9127C37CEFFE}.Debug|Any CPU.Build.0 = Debug|Any CPU
		{36D78511-6111-4165-8B3F-9127C37CEFFE}.Release|Any CPU.ActiveCfg = Release|Any CPU
		{36D78511-6111-4165-8B3F-9127C37CEFFE}.Release|Any CPU.Build.0 = Release|Any CPU
		{6FB660E2-3929-4DEC-832C-78460552BDFF}.Debug|Any CPU.ActiveCfg = Debug|Any CPU
		{6FB660E2-3929-4DEC-832C-78460552BDFF}.Debug|Any CPU.Build.0 = Debug|Any CPU
		{6FB660E2-3929-4DEC-832C-78460552BDFF}.Release|Any CPU.ActiveCfg = Release|Any CPU
		{6FB660E2-3929-4DEC-832C-78460552BDFF}.Release|Any CPU.Build.0 = Release|Any CPU
		{B10783AA-4C00-43CB-AB98-789F1F746C21}.Debug|Any CPU.ActiveCfg = Debug|Any CPU
		{B10783AA-4C00-43CB-AB98-789F1F746C21}.Debug|Any CPU.Build.0 = Debug|Any CPU
		{B10783AA-4C00-43CB-AB98-789F1F746C21}.Release|Any CPU.ActiveCfg = Release|Any CPU
		{B10783AA-4C00-43CB-AB98-789F1F746C21}.Release|Any CPU.Build.0 = Release|Any CPU
		{D0F8FFC9-4BA5-4D71-B1CF-47165F1BC254}.Debug|Any CPU.ActiveCfg = Debug|Any CPU
		{D0F8FFC9-4BA5-4D71-B1CF-47165F1BC254}.Debug|Any CPU.Build.0 = Debug|Any CPU
		{D0F8FFC9-4BA5-4D71-B1CF-47165F1BC254}.Release|Any CPU.ActiveCfg = Release|Any CPU
		{D0F8FFC9-4BA5-4D71-B1CF-47165F1BC254}.Release|Any CPU.Build.0 = Release|Any CPU
		{0F068970-E0A9-40F0-B49F-4F0BAEBFC09B}.Debug|Any CPU.ActiveCfg = Debug|Any CPU
		{0F068970-E0A9-40F0-B49F-4F0BAEBFC09B}.Debug|Any CPU.Build.0 = Debug|Any CPU
		{0F068970-E0A9-40F0-B49F-4F0BAEBFC09B}.Release|Any CPU.ActiveCfg = Release|Any CPU
		{0F068970-E0A9-40F0-B49F-4F0BAEBFC09B}.Release|Any CPU.Build.0 = Release|Any CPU
		{84ABEA64-91EE-43C2-A8EC-7AF7576514D3}.Debug|Any CPU.ActiveCfg = Debug|Any CPU
		{84ABEA64-91EE-43C2-A8EC-7AF7576514D3}.Debug|Any CPU.Build.0 = Debug|Any CPU
		{84ABEA64-91EE-43C2-A8EC-7AF7576514D3}.Release|Any CPU.ActiveCfg = Release|Any CPU
		{84ABEA64-91EE-43C2-A8EC-7AF7576514D3}.Release|Any CPU.Build.0 = Release|Any CPU
		{F2A58312-723B-447F-9E2C-3F1E8C2DBD6B}.Debug|Any CPU.ActiveCfg = Debug|Any CPU
		{F2A58312-723B-447F-9E2C-3F1E8C2DBD6B}.Debug|Any CPU.Build.0 = Debug|Any CPU
		{F2A58312-723B-447F-9E2C-3F1E8C2DBD6B}.Release|Any CPU.ActiveCfg = Release|Any CPU
		{F2A58312-723B-447F-9E2C-3F1E8C2DBD6B}.Release|Any CPU.Build.0 = Release|Any CPU
		{0682E8CB-141D-42CF-AB02-F10394E2609A}.Debug|Any CPU.ActiveCfg = Debug|Any CPU
		{0682E8CB-141D-42CF-AB02-F10394E2609A}.Debug|Any CPU.Build.0 = Debug|Any CPU
		{0682E8CB-141D-42CF-AB02-F10394E2609A}.Release|Any CPU.ActiveCfg = Release|Any CPU
		{0682E8CB-141D-42CF-AB02-F10394E2609A}.Release|Any CPU.Build.0 = Release|Any CPU
		{D03952A7-9FCE-4933-8CAB-BEC31795D91B}.Debug|Any CPU.ActiveCfg = Debug|Any CPU
		{D03952A7-9FCE-4933-8CAB-BEC31795D91B}.Debug|Any CPU.Build.0 = Debug|Any CPU
		{D03952A7-9FCE-4933-8CAB-BEC31795D91B}.Release|Any CPU.ActiveCfg = Release|Any CPU
		{D03952A7-9FCE-4933-8CAB-BEC31795D91B}.Release|Any CPU.Build.0 = Release|Any CPU
		{C500E8AA-067C-47BF-B5A5-DE9F33FE00F6}.Debug|Any CPU.ActiveCfg = Debug|Any CPU
		{C500E8AA-067C-47BF-B5A5-DE9F33FE00F6}.Debug|Any CPU.Build.0 = Debug|Any CPU
		{C500E8AA-067C-47BF-B5A5-DE9F33FE00F6}.Release|Any CPU.ActiveCfg = Release|Any CPU
		{C500E8AA-067C-47BF-B5A5-DE9F33FE00F6}.Release|Any CPU.Build.0 = Release|Any CPU
		{38EFCB13-2FB4-400F-8411-3CF32961F0A9}.Debug|Any CPU.ActiveCfg = Debug|Any CPU
		{38EFCB13-2FB4-400F-8411-3CF32961F0A9}.Debug|Any CPU.Build.0 = Debug|Any CPU
		{38EFCB13-2FB4-400F-8411-3CF32961F0A9}.Release|Any CPU.ActiveCfg = Release|Any CPU
		{38EFCB13-2FB4-400F-8411-3CF32961F0A9}.Release|Any CPU.Build.0 = Release|Any CPU
	EndGlobalSection
	GlobalSection(SolutionProperties) = preSolution
		HideSolutionNode = FALSE
	EndGlobalSection
	GlobalSection(NestedProjects) = preSolution
		{81F0F61B-449F-49AE-8384-0B9A58A7E84F} = {60A0A748-AF56-42F1-BD5C-70ECE133D56F}
		{B088E5FC-ED23-40BF-A7F6-C5C2F34205B2} = {60A0A748-AF56-42F1-BD5C-70ECE133D56F}
		{5770C434-D417-42D9-BE28-2C91EDA98F85} = {60A0A748-AF56-42F1-BD5C-70ECE133D56F}
		{36D78511-6111-4165-8B3F-9127C37CEFFE} = {60A0A748-AF56-42F1-BD5C-70ECE133D56F}
		{6FB660E2-3929-4DEC-832C-78460552BDFF} = {E064E45F-DF90-41E6-AE3C-06CB137F3A55}
		{B10783AA-4C00-43CB-AB98-789F1F746C21} = {E064E45F-DF90-41E6-AE3C-06CB137F3A55}
		{D0F8FFC9-4BA5-4D71-B1CF-47165F1BC254} = {E064E45F-DF90-41E6-AE3C-06CB137F3A55}
		{0F068970-E0A9-40F0-B49F-4F0BAEBFC09B} = {E064E45F-DF90-41E6-AE3C-06CB137F3A55}
		{84ABEA64-91EE-43C2-A8EC-7AF7576514D3} = {EB550758-6D64-44FB-AA7D-45A3BC4E3C74}
		{F2A58312-723B-447F-9E2C-3F1E8C2DBD6B} = {EB550758-6D64-44FB-AA7D-45A3BC4E3C74}
		{0682E8CB-141D-42CF-AB02-F10394E2609A} = {EB550758-6D64-44FB-AA7D-45A3BC4E3C74}
		{D03952A7-9FCE-4933-8CAB-BEC31795D91B} = {EB550758-6D64-44FB-AA7D-45A3BC4E3C74}
		{C500E8AA-067C-47BF-B5A5-DE9F33FE00F6} = {6C35EA9F-375D-49A1-9BB9-F627470A4166}
		{38EFCB13-2FB4-400F-8411-3CF32961F0A9} = {6C35EA9F-375D-49A1-9BB9-F627470A4166}
	EndGlobalSection
	GlobalSection(ExtensibilityGlobals) = postSolution
		SolutionGuid = {F1B1794C-8F32-43DF-A551-5ACDF818677A}
	EndGlobalSection
EndGlobal
